
Microsoft Visual Studio Solution File, Format Version 12.00
# Visual Studio Version 16
VisualStudioVersion = 16.0.30225.117
MinimumVisualStudioVersion = 10.0.40219.1
Project("{FAE04EC0-301F-11D3-BF4B-00C04F79EFBC}") = "1IfElseLogic", "1IfElseLogic.csproj", "{9FB56799-25F0-4360-9442-27A1EBFEB617}"
EndProject
Global
	GlobalSection(SolutionConfigurationPlatforms) = preSolution
		Debug|Any CPU = Debug|Any CPU
		Release|Any CPU = Release|Any CPU
	EndGlobalSection
	GlobalSection(ProjectConfigurationPlatforms) = postSolution
		{9FB56799-25F0-4360-9442-27A1EBFEB617}.Debug|Any CPU.ActiveCfg = Debug|Any CPU
		{9FB56799-25F0-4360-9442-27A1EBFEB617}.Debug|Any CPU.Build.0 = Debug|Any CPU
		{9FB56799-25F0-4360-9442-27A1EBFEB617}.Release|Any CPU.ActiveCfg = Release|Any CPU
		{9FB56799-25F0-4360-9442-27A1EBFEB617}.Release|Any CPU.Build.0 = Release|Any CPU
	EndGlobalSection
	GlobalSection(SolutionProperties) = preSolution
		HideSolutionNode = FALSE
	EndGlobalSection
	GlobalSection(ExtensibilityGlobals) = postSolution
		SolutionGuid = {F7C4F980-FFD1-4049-A819-A7D62DC8B2C0}
	EndGlobalSection
EndGlobal
