
Microsoft Visual Studio Solution File, Format Version 12.00
# Visual Studio Version 16
VisualStudioVersion = 16.0.30330.147
MinimumVisualStudioVersion = 10.0.40219.1
Project("{FAE04EC0-301F-11D3-BF4B-00C04F79EFBC}") = "2TryParseFunctionsAndMemberVariables", "2TryParseFunctionsAndMemberVariables.csproj", "{FCDEF3B8-05EC-487D-9DC7-48795E060A52}"
EndProject
Global
	GlobalSection(SolutionConfigurationPlatforms) = preSolution
		Debug|Any CPU = Debug|Any CPU
		Release|Any CPU = Release|Any CPU
	EndGlobalSection
	GlobalSection(ProjectConfigurationPlatforms) = postSolution
		{FCDEF3B8-05EC-487D-9DC7-48795E060A52}.Debug|Any CPU.ActiveCfg = Debug|Any CPU
		{FCDEF3B8-05EC-487D-9DC7-48795E060A52}.Debug|Any CPU.Build.0 = Debug|Any CPU
		{FCDEF3B8-05EC-487D-9DC7-48795E060A52}.Release|Any CPU.ActiveCfg = Release|Any CPU
		{FCDEF3B8-05EC-487D-9DC7-48795E060A52}.Release|Any CPU.Build.0 = Release|Any CPU
	EndGlobalSection
	GlobalSection(SolutionProperties) = preSolution
		HideSolutionNode = FALSE
	EndGlobalSection
	GlobalSection(ExtensibilityGlobals) = postSolution
		SolutionGuid = {8EC3B336-E366-4310-ACF8-62DF82A68905}
	EndGlobalSection
EndGlobal
